
Microsoft Visual Studio Solution File, Format Version 12.00
# Visual Studio Version 16
VisualStudioVersion = 16.0.29519.181
MinimumVisualStudioVersion = 10.0.40219.1
Project("{FAE04EC0-301F-11D3-BF4B-00C04F79EFBC}") = "SilvercityEtsyService", "SilvercityEtsyService.csproj", "{1F0B8BBB-26A0-4C7C-A04F-E41A838713CE}"
EndProject
Global
	GlobalSection(SolutionConfigurationPlatforms) = preSolution
		Debug|Any CPU = Debug|Any CPU
		Release|Any CPU = Release|Any CPU
	EndGlobalSection
	GlobalSection(ProjectConfigurationPlatforms) = postSolution
		{1F0B8BBB-26A0-4C7C-A04F-E41A838713CE}.Debug|Any CPU.ActiveCfg = Debug|Any CPU
		{1F0B8BBB-26A0-4C7C-A04F-E41A838713CE}.Debug|Any CPU.Build.0 = Debug|Any CPU
		{1F0B8BBB-26A0-4C7C-A04F-E41A838713CE}.Release|Any CPU.ActiveCfg = Release|Any CPU
		{1F0B8BBB-26A0-4C7C-A04F-E41A838713CE}.Release|Any CPU.Build.0 = Release|Any CPU
	EndGlobalSection
	GlobalSection(SolutionProperties) = preSolution
		HideSolutionNode = FALSE
	EndGlobalSection
	GlobalSection(ExtensibilityGlobals) = postSolution
		SolutionGuid = {C30E8A6F-866C-407C-A474-FFB5648E270B}
	EndGlobalSection
EndGlobal
